
Microsoft Visual Studio Solution File, Format Version 12.00
# Visual Studio 15
VisualStudioVersion = 15.0.27004.2006
MinimumVisualStudioVersion = 10.0.40219.1
Project("{FAE04EC0-301F-11D3-BF4B-00C04F79EFBC}") = "KmlTest2", "KmlTest2\KmlTest2.csproj", "{458B345F-7627-480B-BB07-9052310C24CC}"
EndProject
Global
	GlobalSection(SolutionConfigurationPlatforms) = preSolution
		Debug|Any CPU = Debug|Any CPU
		Release|Any CPU = Release|Any CPU
	EndGlobalSection
	GlobalSection(ProjectConfigurationPlatforms) = postSolution
		{458B345F-7627-480B-BB07-9052310C24CC}.Debug|Any CPU.ActiveCfg = Debug|Any CPU
		{458B345F-7627-480B-BB07-9052310C24CC}.Debug|Any CPU.Build.0 = Debug|Any CPU
		{458B345F-7627-480B-BB07-9052310C24CC}.Release|Any CPU.ActiveCfg = Release|Any CPU
		{458B345F-7627-480B-BB07-9052310C24CC}.Release|Any CPU.Build.0 = Release|Any CPU
	EndGlobalSection
	GlobalSection(SolutionProperties) = preSolution
		HideSolutionNode = FALSE
	EndGlobalSection
	GlobalSection(ExtensibilityGlobals) = postSolution
		SolutionGuid = {54C06425-6D95-4646-B3BB-F1AEDBA6B7A7}
	EndGlobalSection
EndGlobal
